
Microsoft Visual Studio Solution File, Format Version 12.00
# Visual Studio Version 17
VisualStudioVersion = 17.10.35004.147
MinimumVisualStudioVersion = 10.0.40219.1
Project("{FAE04EC0-301F-11D3-BF4B-00C04F79EFBC}") = "API_Assignment", "API_Assignment.csproj", "{D37700C1-2848-45CE-8BB5-C8840C656928}"
EndProject
Global
	GlobalSection(SolutionConfigurationPlatforms) = preSolution
		Debug|Any CPU = Debug|Any CPU
		Release|Any CPU = Release|Any CPU
	EndGlobalSection
	GlobalSection(ProjectConfigurationPlatforms) = postSolution
		{D37700C1-2848-45CE-8BB5-C8840C656928}.Debug|Any CPU.ActiveCfg = Debug|Any CPU
		{D37700C1-2848-45CE-8BB5-C8840C656928}.Debug|Any CPU.Build.0 = Debug|Any CPU
		{D37700C1-2848-45CE-8BB5-C8840C656928}.Release|Any CPU.ActiveCfg = Release|Any CPU
		{D37700C1-2848-45CE-8BB5-C8840C656928}.Release|Any CPU.Build.0 = Release|Any CPU
	EndGlobalSection
	GlobalSection(SolutionProperties) = preSolution
		HideSolutionNode = FALSE
	EndGlobalSection
	GlobalSection(ExtensibilityGlobals) = postSolution
		SolutionGuid = {BF4C4342-DE9C-4E5D-A5F8-DE8B7E4801AF}
	EndGlobalSection
EndGlobal
